
Microsoft Visual Studio Solution File, Format Version 12.00
# Visual Studio Version 17
VisualStudioVersion = 17.1.32421.90
MinimumVisualStudioVersion = 10.0.40219.1
Project("{8BC9CEB8-8B4A-11D0-8D11-00A0C91BC942}") = "Clock", "Clock\Clock.vcxproj", "{3ABCBB16-1784-4D6A-AA40-D6CA7FB163D1}"
EndProject
Global
	GlobalSection(SolutionConfigurationPlatforms) = preSolution
		Debug|x64 = Debug|x64
		Release|x64 = Release|x64
	EndGlobalSection
	GlobalSection(ProjectConfigurationPlatforms) = postSolution
		{3ABCBB16-1784-4D6A-AA40-D6CA7FB163D1}.Debug|x64.ActiveCfg = Debug|x64
		{3ABCBB16-1784-4D6A-AA40-D6CA7FB163D1}.Debug|x64.Build.0 = Debug|x64
		{3ABCBB16-1784-4D6A-AA40-D6CA7FB163D1}.Release|x64.ActiveCfg = Release|x64
		{3ABCBB16-1784-4D6A-AA40-D6CA7FB163D1}.Release|x64.Build.0 = Release|x64
	EndGlobalSection
	GlobalSection(SolutionProperties) = preSolution
		HideSolutionNode = FALSE
	EndGlobalSection
	GlobalSection(ExtensibilityGlobals) = postSolution
		SolutionGuid = {7B422C7A-781E-4FAF-B36C-216774A136F8}
	EndGlobalSection
EndGlobal
